// !$*UTF8*$!
{
	archiveVersion = 1;
	classes = {
	};
	objectVersion = 110;
	objects = {

/* Begin PBXContainerItemProxy section */
		D60B4F7D3065C5A000001A62 /* PBXContainerItemProxy */ = {
			isa = PBXContainerItemProxy;
			containerPortal = D60B4F673065C5A000001A62 /* Project object */;
			proxyType = 1;
			remoteGlobalIDString = D60B4F6E3065C5A000001A62;
			remoteInfo = Kipir;
		};
		D60B4F873065C5A000001A62 /* PBXContainerItemProxy */ = {
			isa = PBXContainerItemProxy;
			containerPortal = D60B4F673065C5A000001A62 /* Project object */;
			proxyType = 1;
			remoteGlobalIDString = D60B4F6E3065C5A000001A62;
			remoteInfo = Kipir;
		};
/* End PBXContainerItemProxy section */

/* Begin PBXFileReference section */
		D60B4F6F3065C5A000001A62 /* Kipir.app */ = {isa = PBXFileReference; explicitFileType = wrapper.application; includeInIndex = 0; path = Kipir.app; sourceTree = BUILT_PRODUCTS_DIR; };
		D60B4F7C3065C5A000001A62 /* KipirTests.xctest */ = {isa = PBXFileReference; explicitFileType = wrapper.cfbundle; includeInIndex = 0; path = KipirTests.xctest; sourceTree = BUILT_PRODUCTS_DIR; };
		D60B4F863065C5A000001A62 /* KipirUITests.xctest */ = {isa = PBXFileReference; explicitFileType = wrapper.cfbundle; includeInIndex = 0; path = KipirUITests.xctest; sourceTree = BUILT_PRODUCTS_DIR; };
		D62081643065CA1A00B7C71A /* KipirMac.app */ = {isa = PBXFileReference; explicitFileType = wrapper.application; includeInIndex = 0; path = KipirMac.app; sourceTree = BUILT_PRODUCTS_DIR; };
/* End PBXFileReference section */

/* Begin PBXFileSystemSynchronizedRootGroup section */
		D60B4F713065C5A000001A62 /* Kipir */ = {
			isa = PBXFileSystemSynchronizedRootGroup;
			path = Kipir;
			sourceTree = "<group>";
		};
		D60B4F7F3065C5A000001A62 /* KipirTests */ = {
			isa = PBXFileSystemSynchronizedRootGroup;
			path = KipirTests;
			sourceTree = "<group>";
		};
		D60B4F893065C5A000001A62 /* KipirUITests */ = {
			isa = PBXFileSystemSynchronizedRootGroup;
			path = KipirUITests;
			sourceTree = "<group>";
		};
		D62081653065CA1B00B7C71A /* KipirMac */ = {
			isa = PBXFileSystemSynchronizedRootGroup;
			path = KipirMac;
			sourceTree = "<group>";
		};
/* End PBXFileSystemSynchronizedRootGroup section */

/* Begin PBXFrameworksBuildPhase section */
		D60B4F6C3065C5A000001A62 /* Frameworks */ = {
			isa = PBXFrameworksBuildPhase;
			files = (
			);
		};
		D60B4F793065C5A000001A62 /* Frameworks */ = {
			isa = PBXFrameworksBuildPhase;
			files = (
			);
		};
		D60B4F833065C5A000001A62 /* Frameworks */ = {
			isa = PBXFrameworksBuildPhase;
			files = (
			);
		};
		D62081613065CA1A00B7C71A /* Frameworks */ = {
			isa = PBXFrameworksBuildPhase;
			files = (
			);
		};
/* End PBXFrameworksBuildPhase section */

/* Begin PBXGroup section */
		D60B4F663065C5A000001A62 = {
			isa = PBXGroup;
			children = (
				D60B4F713065C5A000001A62 /* Kipir */,
				D60B4F7F3065C5A000001A62 /* KipirTests */,
				D60B4F893065C5A000001A62 /* KipirUITests */,
				D62081653065CA1B00B7C71A /* KipirMac */,
				D60B4F703065C5A000001A62 /* Products */,
			);
			sourceTree = "<group>";
		};
		D60B4F703065C5A000001A62 /* Products */ = {
			isa = PBXGroup;
			children = (
				D60B4F6F3065C5A000001A62 /* Kipir.app */,
				D60B4F7C3065C5A000001A62 /* KipirTests.xctest */,
				D60B4F863065C5A000001A62 /* KipirUITests.xctest */,
				D62081643065CA1A00B7C71A /* KipirMac.app */,
			);
			name = Products;
			sourceTree = "<group>";
		};
/* End PBXGroup section */

/* Begin PBXNativeTarget section */
		D60B4F6E3065C5A000001A62 /* Kipir */ = {
			isa = PBXNativeTarget;
			buildConfigurationList = D60B4F8E3065C5A000001A62 /* Build configuration list for PBXNativeTarget "Kipir" */;
			buildPhases = (
				D60B4F6B3065C5A000001A62 /* Sources */,
				D60B4F6C3065C5A000001A62 /* Frameworks */,
				D60B4F6D3065C5A000001A62 /* Resources */,
			);
			buildRules = (
			);
			fileSystemSynchronizedGroups = (
				D60B4F713065C5A000001A62 /* Kipir */,
			);
			name = Kipir;
			productName = Kipir;
			productReference = D60B4F6F3065C5A000001A62 /* Kipir.app */;
			productType = "com.apple.product-type.application";
		};
		D60B4F7B3065C5A000001A62 /* KipirTests */ = {
			isa = PBXNativeTarget;
			buildConfigurationList = D60B4F913065C5A000001A62 /* Build configuration list for PBXNativeTarget "KipirTests" */;
			buildPhases = (
				D60B4F783065C5A000001A62 /* Sources */,
				D60B4F793065C5A000001A62 /* Frameworks */,
				D60B4F7A3065C5A000001A62 /* Resources */,
			);
			buildRules = (
			);
			dependencies = (
				D60B4F7E3065C5A000001A62 /* PBXTargetDependency */,
			);
			fileSystemSynchronizedGroups = (
				D60B4F7F3065C5A000001A62 /* KipirTests */,
			);
			name = KipirTests;
			productName = KipirTests;
			productReference = D60B4F7C3065C5A000001A62 /* KipirTests.xctest */;
			productType = "com.apple.product-type.bundle.unit-test";
		};
		D60B4F853065C5A000001A62 /* KipirUITests */ = {
			isa = PBXNativeTarget;
			buildConfigurationList = D60B4F943065C5A000001A62 /* Build configuration list for PBXNativeTarget "KipirUITests" */;
			buildPhases = (
				D60B4F823065C5A000001A62 /* Sources */,
				D60B4F833065C5A000001A62 /* Frameworks */,
				D60B4F843065C5A000001A62 /* Resources */,
			);
			buildRules = (
			);
			dependencies = (
				D60B4F883065C5A000001A62 /* PBXTargetDependency */,
			);
			fileSystemSynchronizedGroups = (
				D60B4F893065C5A000001A62 /* KipirUITests */,
			);
			name = KipirUITests;
			productName = KipirUITests;
			productReference = D60B4F863065C5A000001A62 /* KipirUITests.xctest */;
			productType = "com.apple.product-type.bundle.ui-testing";
		};
		D62081633065CA1A00B7C71A /* KipirMac */ = {
			isa = PBXNativeTarget;
			buildConfigurationList = D620816E3065CA1C00B7C71A /* Build configuration list for PBXNativeTarget "KipirMac" */;
			buildPhases = (
				D62081603065CA1A00B7C71A /* Sources */,
				D62081613065CA1A00B7C71A /* Frameworks */,
				D62081623065CA1A00B7C71A /* Resources */,
			);
			buildRules = (
			);
			fileSystemSynchronizedGroups = (
				D62081653065CA1B00B7C71A /* KipirMac */,
			);
			name = KipirMac;
			productName = KipirMac;
			productReference = D62081643065CA1A00B7C71A /* KipirMac.app */;
			productType = "com.apple.product-type.application";
		};
/* End PBXNativeTarget section */

/* Begin PBXProject section */
		D60B4F673065C5A000001A62 /* Project object */ = {
			isa = PBXProject;
			attributes = {
				BuildIndependentTargetsInParallel = 1;
				LastSwiftUpdateCheck = 2700;
				LastUpgradeCheck = 2700;
				TargetAttributes = {
					D60B4F6E3065C5A000001A62 = {
						CreatedOnToolsVersion = 27.0;
					};
					D60B4F7B3065C5A000001A62 = {
						CreatedOnToolsVersion = 27.0;
						TestTargetID = D60B4F6E3065C5A000001A62;
					};
					D60B4F853065C5A000001A62 = {
						CreatedOnToolsVersion = 27.0;
						TestTargetID = D60B4F6E3065C5A000001A62;
					};
					D62081633065CA1A00B7C71A = {
						CreatedOnToolsVersion = 27.0;
					};
				};
			};
			buildConfigurationList = D60B4F6A3065C5A000001A62 /* Build configuration list for PBXProject "Kipir" */;
			developmentRegion = en;
			hasScannedForEncodings = 0;
			knownRegions = (
				en,
				Base,
			);
			mainGroup = D60B4F663065C5A000001A62;
			minimizedProjectReferenceProxies = 1;
			preferredProjectObjectVersion = 77;
			productRefGroup = D60B4F703065C5A000001A62 /* Products */;
			projectDirPath = "";
			projectRoot = "";
			targets = (
				D60B4F6E3065C5A000001A62 /* Kipir */,
				D60B4F7B3065C5A000001A62 /* KipirTests */,
				D60B4F853065C5A000001A62 /* KipirUITests */,
				D62081633065CA1A00B7C71A /* KipirMac */,
			);
		};
/* End PBXProject section */

/* Begin PBXResourcesBuildPhase section */
		D60B4F6D3065C5A000001A62 /* Resources */ = {
			isa = PBXResourcesBuildPhase;
			files = (
			);
		};
		D60B4F7A3065C5A000001A62 /* Resources */ = {
			isa = PBXResourcesBuildPhase;
			files = (
			);
		};
		D60B4F843065C5A000001A62 /* Resources */ = {
			isa = PBXResourcesBuildPhase;
			files = (
			);
		};
		D62081623065CA1A00B7C71A /* Resources */ = {
			isa = PBXResourcesBuildPhase;
			files = (
			);
		};
/* End PBXResourcesBuildPhase section */

/* Begin PBXSourcesBuildPhase section */
		D60B4F6B3065C5A000001A62 /* Sources */ = {
			isa = PBXSourcesBuildPhase;
			files = (
			);
		};
		D60B4F783065C5A000001A62 /* Sources */ = {
			isa = PBXSourcesBuildPhase;
			files = (
			);
		};
		D60B4F823065C5A000001A62 /* Sources */ = {
			isa = PBXSourcesBuildPhase;
			files = (
			);
		};
		D62081603065CA1A00B7C71A /* Sources */ = {
			isa = PBXSourcesBuildPhase;
			files = (
			);
		};
/* End PBXSourcesBuildPhase section */

/* Begin PBXTargetDependency section */
		D60B4F7E3065C5A000001A62 /* PBXTargetDependency */ = {
			isa = PBXTargetDependency;
			target = D60B4F6E3065C5A000001A62 /* Kipir */;
			targetProxy = D60B4F7D3065C5A000001A62 /* PBXContainerItemProxy */;
		};
		D60B4F883065C5A000001A62 /* PBXTargetDependency */ = {
			isa = PBXTargetDependency;
			target = D60B4F6E3065C5A000001A62 /* Kipir */;
			targetProxy = D60B4F873065C5A000001A62 /* PBXContainerItemProxy */;
		};
/* End PBXTargetDependency section */

/* Begin XCBuildConfiguration section */
		D60B4F8C3065C5A000001A62 /* Debug configuration for PBXProject "Kipir" */ = {
			isa = XCBuildConfiguration;
			buildSettings = {
				ALWAYS_SEARCH_USER_PATHS = NO;
				ASSETCATALOG_COMPILER_GENERATE_SWIFT_ASSET_SYMBOL_EXTENSIONS = YES;
				CLANG_ANALYZER_NONNULL = YES;
				CLANG_ANALYZER_NUMBER_OBJECT_CONVERSION = YES_AGGRESSIVE;
				CLANG_CXX_LANGUAGE_STANDARD = "gnu++20";
				CLANG_ENABLE_MODULES = YES;
				CLANG_ENABLE_OBJC_ARC = YES;
				CLANG_ENABLE_OBJC_WEAK = YES;
				CLANG_WARN_BLOCK_CAPTURE_AUTORELEASING = YES;
				CLANG_WARN_BOOL_CONVERSION = YES;
				CLANG_WARN_COMMA = YES;
				CLANG_WARN_CONSTANT_CONVERSION = YES;
				CLANG_WARN_DEPRECATED_OBJC_IMPLEMENTATIONS = YES;
				CLANG_WARN_DIRECT_OBJC_ISA_USAGE = YES_ERROR;
				CLANG_WARN_DOCUMENTATION_COMMENTS = YES;
				CLANG_WARN_EMPTY_BODY = YES;
				CLANG_WARN_ENUM_CONVERSION = YES;
				CLANG_WARN_INFINITE_RECURSION = YES;
				CLANG_WARN_INT_CONVERSION = YES;
				CLANG_WARN_NON_LITERAL_NULL_CONVERSION = YES;
				CLANG_WARN_OBJC_IMPLICIT_RETAIN_SELF = YES;
				CLANG_WARN_OBJC_LITERAL_CONVERSION = YES;
				CLANG_WARN_OBJC_ROOT_CLASS = YES_ERROR;
				CLANG_WARN_QUOTED_INCLUDE_IN_FRAMEWORK_HEADER = YES;
				CLANG_WARN_RANGE_LOOP_ANALYSIS = YES;
				CLANG_WARN_STRICT_PROTOTYPES = YES;
				CLANG_WARN_SUSPICIOUS_MOVE = YES;
				CLANG_WARN_UNGUARDED_AVAILABILITY = YES_AGGRESSIVE;
				CLANG_WARN_UNREACHABLE_CODE = YES;
				CLANG_WARN__DUPLICATE_METHOD_MATCH = YES;
				COPY_PHASE_STRIP = NO;
				DEBUG_INFORMATION_FORMAT = dwarf;
				DEVELOPMENT_TEAM = 2J679B5P6J;
				ENABLE_STRICT_OBJC_MSGSEND = YES;
				ENABLE_TESTABILITY = YES;
				ENABLE_USER_SCRIPT_SANDBOXING = YES;
				GCC_C_LANGUAGE_STANDARD = gnu17;
				GCC_DYNAMIC_NO_PIC = NO;
				GCC_NO_COMMON_BLOCKS = YES;
				GCC_OPTIMIZATION_LEVEL = 0;
				GCC_PREPROCESSOR_DEFINITIONS = (
					"DEBUG=1",
					"$(inherited)",
				);
				GCC_WARN_64_TO_32_BIT_CONVERSION = YES;
				GCC_WARN_ABOUT_RETURN_TYPE = YES_ERROR;
				GCC_WARN_UNDECLARED_SELECTOR = YES;
				GCC_WARN_UNINITIALIZED_AUTOS = YES_AGGRESSIVE;
				GCC_WARN_UNUSED_FUNCTION = YES;
				GCC_WARN_UNUSED_VARIABLE = YES;
				IPHONEOS_DEPLOYMENT_TARGET = 27.0;
				LOCALIZATION_PREFERS_STRING_CATALOGS = YES;
				MTL_ENABLE_DEBUG_INFO = INCLUDE_SOURCE;
				MTL_FAST_MATH = YES;
				ONLY_ACTIVE_ARCH = YES;
				SDKROOT = iphoneos;
				SWIFT_ACTIVE_COMPILATION_CONDITIONS = "DEBUG $(inherited)";
				SWIFT_OPTIMIZATION_LEVEL = "-Onone";
			};
			name = Debug;
		};
		D60B4F8D3065C5A000001A62 /* Release configuration for PBXProject "Kipir" */ = {
			isa = XCBuildConfiguration;
			buildSettings = {
				ALWAYS_SEARCH_USER_PATHS = NO;
				ASSETCATALOG_COMPILER_GENERATE_SWIFT_ASSET_SYMBOL_EXTENSIONS = YES;
				CLANG_ANALYZER_NONNULL = YES;
				CLANG_ANALYZER_NUMBER_OBJECT_CONVERSION = YES_AGGRESSIVE;
				CLANG_CXX_LANGUAGE_STANDARD = "gnu++20";
				CLANG_ENABLE_MODULES = YES;
				CLANG_ENABLE_OBJC_ARC = YES;
				CLANG_ENABLE_OBJC_WEAK = YES;
				CLANG_WARN_BLOCK_CAPTURE_AUTORELEASING = YES;
				CLANG_WARN_BOOL_CONVERSION = YES;
				CLANG_WARN_COMMA = YES;
				CLANG_WARN_CONSTANT_CONVERSION = YES;
				CLANG_WARN_DEPRECATED_OBJC_IMPLEMENTATIONS = YES;
				CLANG_WARN_DIRECT_OBJC_ISA_USAGE = YES_ERROR;
				CLANG_WARN_DOCUMENTATION_COMMENTS = YES;
				CLANG_WARN_EMPTY_BODY = YES;
				CLANG_WARN_ENUM_CONVERSION = YES;
				CLANG_WARN_INFINITE_RECURSION = YES;
				CLANG_WARN_INT_CONVERSION = YES;
				CLANG_WARN_NON_LITERAL_NULL_CONVERSION = YES;
				CLANG_WARN_OBJC_IMPLICIT_RETAIN_SELF = YES;
				CLANG_WARN_OBJC_LITERAL_CONVERSION = YES;
				CLANG_WARN_OBJC_ROOT_CLASS = YES_ERROR;
				CLANG_WARN_QUOTED_INCLUDE_IN_FRAMEWORK_HEADER = YES;
				CLANG_WARN_RANGE_LOOP_ANALYSIS = YES;
				CLANG_WARN_STRICT_PROTOTYPES = YES;
				CLANG_WARN_SUSPICIOUS_MOVE = YES;
				CLANG_WARN_UNGUARDED_AVAILABILITY = YES_AGGRESSIVE;
				CLANG_WARN_UNREACHABLE_CODE = YES;
				CLANG_WARN__DUPLICATE_METHOD_MATCH = YES;
				COPY_PHASE_STRIP = NO;
				DEBUG_INFORMATION_FORMAT = "dwarf-with-dsym";
				DEVELOPMENT_TEAM = 2J679B5P6J;
				ENABLE_NS_ASSERTIONS = NO;
				ENABLE_STRICT_OBJC_MSGSEND = YES;
				ENABLE_USER_SCRIPT_SANDBOXING = YES;
				GCC_C_LANGUAGE_STANDARD = gnu17;
				GCC_NO_COMMON_BLOCKS = YES;
				GCC_WARN_64_TO_32_BIT_CONVERSION = YES;
				GCC_WARN_ABOUT_RETURN_TYPE = YES_ERROR;
				GCC_WARN_UNDECLARED_SELECTOR = YES;
				GCC_WARN_UNINITIALIZED_AUTOS = YES_AGGRESSIVE;
				GCC_WARN_UNUSED_FUNCTION = YES;
				GCC_WARN_UNUSED_VARIABLE = YES;
				IPHONEOS_DEPLOYMENT_TARGET = 27.0;
				LOCALIZATION_PREFERS_STRING_CATALOGS = YES;
				MTL_ENABLE_DEBUG_INFO = NO;
				MTL_FAST_MATH = YES;
				SDKROOT = iphoneos;
				SWIFT_COMPILATION_MODE = wholemodule;
				VALIDATE_PRODUCT = YES;
			};
			name = Release;
		};
		D60B4F8F3065C5A000001A62 /* Debug configuration for PBXNativeTarget "Kipir" */ = {
			isa = XCBuildConfiguration;
			buildSettings = {
				ASSETCATALOG_COMPILER_APPICON_NAME = AppIcon;
				ASSETCATALOG_COMPILER_GLOBAL_ACCENT_COLOR_NAME = AccentColor;
				CODE_SIGN_STYLE = Automatic;
				CURRENT_PROJECT_VERSION = 1;
				DEVELOPMENT_TEAM = 2J679B5P6J;
				ENABLE_PREVIEWS = YES;
				GENERATE_INFOPLIST_FILE = YES;
				INFOPLIST_KEY_CFBundleDisplayName = "Kıpır";
				INFOPLIST_KEY_UIApplicationSceneManifest_Generation = YES;
				INFOPLIST_KEY_UIApplicationSupportsIndirectInputEvents = YES;
				INFOPLIST_KEY_UILaunchScreen_Generation = YES;
				INFOPLIST_KEY_UISupportedInterfaceOrientations_iPad = "UIInterfaceOrientationPortrait UIInterfaceOrientationPortraitUpsideDown UIInterfaceOrientationLandscapeLeft UIInterfaceOrientationLandscapeRight";
				INFOPLIST_KEY_UISupportedInterfaceOrientations_iPhone = "UIInterfaceOrientationPortrait UIInterfaceOrientationLandscapeLeft UIInterfaceOrientationLandscapeRight";
				LD_RUNPATH_SEARCH_PATHS = (
					"$(inherited)",
					"@executable_path/Frameworks",
				);
				MARKETING_VERSION = 1.0;
				PRODUCT_BUNDLE_IDENTIFIER = com.maydinkanadasi.Kipir;
				PRODUCT_NAME = "$(TARGET_NAME)";
				STRING_CATALOG_GENERATE_SYMBOLS = YES;
				SWIFT_APPROACHABLE_CONCURRENCY = YES;
				SWIFT_DEFAULT_ACTOR_ISOLATION = MainActor;
				SWIFT_EMIT_LOC_STRINGS = YES;
				SWIFT_UPCOMING_FEATURE_MEMBER_IMPORT_VISIBILITY = YES;
				SWIFT_VERSION = 5.0;
				TARGETED_DEVICE_FAMILY = "1,2";
			};
			name = Debug;
		};
		D60B4F903065C5A000001A62 /* Release configuration for PBXNativeTarget "Kipir" */ = {
			isa = XCBuildConfiguration;
			buildSettings = {
				ASSETCATALOG_COMPILER_APPICON_NAME = AppIcon;
				ASSETCATALOG_COMPILER_GLOBAL_ACCENT_COLOR_NAME = AccentColor;
				CODE_SIGN_STYLE = Automatic;
				CURRENT_PROJECT_VERSION = 1;
				DEVELOPMENT_TEAM = 2J679B5P6J;
				ENABLE_PREVIEWS = YES;
				GENERATE_INFOPLIST_FILE = YES;
				INFOPLIST_KEY_CFBundleDisplayName = "Kıpır";
				INFOPLIST_KEY_UIApplicationSceneManifest_Generation = YES;
				INFOPLIST_KEY_UIApplicationSupportsIndirectInputEvents = YES;
				INFOPLIST_KEY_UILaunchScreen_Generation = YES;
				INFOPLIST_KEY_UISupportedInterfaceOrientations_iPad = "UIInterfaceOrientationPortrait UIInterfaceOrientationPortraitUpsideDown UIInterfaceOrientationLandscapeLeft UIInterfaceOrientationLandscapeRight";
				INFOPLIST_KEY_UISupportedInterfaceOrientations_iPhone = "UIInterfaceOrientationPortrait UIInterfaceOrientationLandscapeLeft UIInterfaceOrientationLandscapeRight";
				LD_RUNPATH_SEARCH_PATHS = (
					"$(inherited)",
					"@executable_path/Frameworks",
				);
				MARKETING_VERSION = 1.0;
				PRODUCT_BUNDLE_IDENTIFIER = com.maydinkanadasi.Kipir;
				PRODUCT_NAME = "$(TARGET_NAME)";
				STRING_CATALOG_GENERATE_SYMBOLS = YES;
				SWIFT_APPROACHABLE_CONCURRENCY = YES;
				SWIFT_DEFAULT_ACTOR_ISOLATION = MainActor;
				SWIFT_EMIT_LOC_STRINGS = YES;
				SWIFT_UPCOMING_FEATURE_MEMBER_IMPORT_VISIBILITY = YES;
				SWIFT_VERSION = 5.0;
				TARGETED_DEVICE_FAMILY = "1,2";
			};
			name = Release;
		};
		D60B4F923065C5A000001A62 /* Debug configuration for PBXNativeTarget "KipirTests" */ = {
			isa = XCBuildConfiguration;
			buildSettings = {
				BUNDLE_LOADER = "$(TEST_HOST)";
				CODE_SIGN_STYLE = Automatic;
				CURRENT_PROJECT_VERSION = 1;
				DEVELOPMENT_TEAM = 2J679B5P6J;
				GENERATE_INFOPLIST_FILE = YES;
				IPHONEOS_DEPLOYMENT_TARGET = 27.0;
				MARKETING_VERSION = 1.0;
				PRODUCT_BUNDLE_IDENTIFIER = com.maydinkanadasi.KipirTests;
				PRODUCT_NAME = "$(TARGET_NAME)";
				STRING_CATALOG_GENERATE_SYMBOLS = NO;
				SWIFT_APPROACHABLE_CONCURRENCY = YES;
				SWIFT_EMIT_LOC_STRINGS = NO;
				SWIFT_UPCOMING_FEATURE_MEMBER_IMPORT_VISIBILITY = YES;
				SWIFT_VERSION = 5.0;
				TARGETED_DEVICE_FAMILY = "1,2";
				TEST_HOST = "$(BUILT_PRODUCTS_DIR)/Kipir.app/$(BUNDLE_EXECUTABLE_FOLDER_PATH)/Kipir";
			};
			name = Debug;
		};
		D60B4F933065C5A000001A62 /* Release configuration for PBXNativeTarget "KipirTests" */ = {
			isa = XCBuildConfiguration;
			buildSettings = {
				BUNDLE_LOADER = "$(TEST_HOST)";
				CODE_SIGN_STYLE = Automatic;
				CURRENT_PROJECT_VERSION = 1;
				DEVELOPMENT_TEAM = 2J679B5P6J;
				GENERATE_INFOPLIST_FILE = YES;
				IPHONEOS_DEPLOYMENT_TARGET = 27.0;
				MARKETING_VERSION = 1.0;
				PRODUCT_BUNDLE_IDENTIFIER = com.maydinkanadasi.KipirTests;
				PRODUCT_NAME = "$(TARGET_NAME)";
				STRING_CATALOG_GENERATE_SYMBOLS = NO;
				SWIFT_APPROACHABLE_CONCURRENCY = YES;
				SWIFT_EMIT_LOC_STRINGS = NO;
				SWIFT_UPCOMING_FEATURE_MEMBER_IMPORT_VISIBILITY = YES;
				SWIFT_VERSION = 5.0;
				TARGETED_DEVICE_FAMILY = "1,2";
				TEST_HOST = "$(BUILT_PRODUCTS_DIR)/Kipir.app/$(BUNDLE_EXECUTABLE_FOLDER_PATH)/Kipir";
			};
			name = Release;
		};
		D60B4F953065C5A000001A62 /* Debug configuration for PBXNativeTarget "KipirUITests" */ = {
			isa = XCBuildConfiguration;
			buildSettings = {
				CODE_SIGN_STYLE = Automatic;
				CURRENT_PROJECT_VERSION = 1;
				DEVELOPMENT_TEAM = 2J679B5P6J;
				GENERATE_INFOPLIST_FILE = YES;
				MARKETING_VERSION = 1.0;
				PRODUCT_BUNDLE_IDENTIFIER = com.maydinkanadasi.KipirUITests;
				PRODUCT_NAME = "$(TARGET_NAME)";
				STRING_CATALOG_GENERATE_SYMBOLS = NO;
				SWIFT_APPROACHABLE_CONCURRENCY = YES;
				SWIFT_EMIT_LOC_STRINGS = NO;
				SWIFT_UPCOMING_FEATURE_MEMBER_IMPORT_VISIBILITY = YES;
				SWIFT_VERSION = 5.0;
				TARGETED_DEVICE_FAMILY = "1,2";
				TEST_TARGET_NAME = Kipir;
			};
			name = Debug;
		};
		D60B4F963065C5A000001A62 /* Release configuration for PBXNativeTarget "KipirUITests" */ = {
			isa = XCBuildConfiguration;
			buildSettings = {
				CODE_SIGN_STYLE = Automatic;
				CURRENT_PROJECT_VERSION = 1;
				DEVELOPMENT_TEAM = 2J679B5P6J;
				GENERATE_INFOPLIST_FILE = YES;
				MARKETING_VERSION = 1.0;
				PRODUCT_BUNDLE_IDENTIFIER = com.maydinkanadasi.KipirUITests;
				PRODUCT_NAME = "$(TARGET_NAME)";
				STRING_CATALOG_GENERATE_SYMBOLS = NO;
				SWIFT_APPROACHABLE_CONCURRENCY = YES;
				SWIFT_EMIT_LOC_STRINGS = NO;
				SWIFT_UPCOMING_FEATURE_MEMBER_IMPORT_VISIBILITY = YES;
				SWIFT_VERSION = 5.0;
				TARGETED_DEVICE_FAMILY = "1,2";
				TEST_TARGET_NAME = Kipir;
			};
			name = Release;
		};
		D620816C3065CA1C00B7C71A /* Debug configuration for PBXNativeTarget "KipirMac" */ = {
			isa = XCBuildConfiguration;
			buildSettings = {
				ASSETCATALOG_COMPILER_APPICON_NAME = AppIcon;
				ASSETCATALOG_COMPILER_GLOBAL_ACCENT_COLOR_NAME = AccentColor;
				CODE_SIGN_STYLE = Automatic;
				COMBINE_HIDPI_IMAGES = YES;
				CURRENT_PROJECT_VERSION = 1;
				DEVELOPMENT_TEAM = 2J679B5P6J;
				ENABLE_APP_SANDBOX = NO;
				ENABLE_HARDENED_RUNTIME = YES;
				ENABLE_PREVIEWS = YES;
				GENERATE_INFOPLIST_FILE = YES;
				INFOPLIST_KEY_CFBundleDisplayName = "Kıpır";
				INFOPLIST_KEY_NSHumanReadableCopyright = "";
				LD_RUNPATH_SEARCH_PATHS = (
					"$(inherited)",
					"@executable_path/../Frameworks",
				);
				MACOSX_DEPLOYMENT_TARGET = 26.6;
				MARKETING_VERSION = 1.0;
				PRODUCT_BUNDLE_IDENTIFIER = com.maydinkanadasi.KipirMac;
				PRODUCT_NAME = "$(TARGET_NAME)";
				REGISTER_APP_GROUPS = YES;
				SDKROOT = macosx;
				STRING_CATALOG_GENERATE_SYMBOLS = YES;
				SWIFT_APPROACHABLE_CONCURRENCY = YES;
				SWIFT_DEFAULT_ACTOR_ISOLATION = MainActor;
				SWIFT_EMIT_LOC_STRINGS = YES;
				SWIFT_UPCOMING_FEATURE_MEMBER_IMPORT_VISIBILITY = YES;
				SWIFT_VERSION = 5.0;
			};
			name = Debug;
		};
		D620816D3065CA1C00B7C71A /* Release configuration for PBXNativeTarget "KipirMac" */ = {
			isa = XCBuildConfiguration;
			buildSettings = {
				ASSETCATALOG_COMPILER_APPICON_NAME = AppIcon;
				ASSETCATALOG_COMPILER_GLOBAL_ACCENT_COLOR_NAME = AccentColor;
				CODE_SIGN_STYLE = Automatic;
				COMBINE_HIDPI_IMAGES = YES;
				CURRENT_PROJECT_VERSION = 1;
				DEVELOPMENT_TEAM = 2J679B5P6J;
				ENABLE_APP_SANDBOX = NO;
				ENABLE_HARDENED_RUNTIME = YES;
				ENABLE_PREVIEWS = YES;
				GENERATE_INFOPLIST_FILE = YES;
				INFOPLIST_KEY_CFBundleDisplayName = "Kıpır";
				INFOPLIST_KEY_NSHumanReadableCopyright = "";
				LD_RUNPATH_SEARCH_PATHS = (
					"$(inherited)",
					"@executable_path/../Frameworks",
				);
				MACOSX_DEPLOYMENT_TARGET = 26.6;
				MARKETING_VERSION = 1.0;
				PRODUCT_BUNDLE_IDENTIFIER = com.maydinkanadasi.KipirMac;
				PRODUCT_NAME = "$(TARGET_NAME)";
				REGISTER_APP_GROUPS = YES;
				SDKROOT = macosx;
				STRING_CATALOG_GENERATE_SYMBOLS = YES;
				SWIFT_APPROACHABLE_CONCURRENCY = YES;
				SWIFT_DEFAULT_ACTOR_ISOLATION = MainActor;
				SWIFT_EMIT_LOC_STRINGS = YES;
				SWIFT_UPCOMING_FEATURE_MEMBER_IMPORT_VISIBILITY = YES;
				SWIFT_VERSION = 5.0;
			};
			name = Release;
		};
/* End XCBuildConfiguration section */

/* Begin XCConfigurationList section */
		D60B4F6A3065C5A000001A62 /* Build configuration list for PBXProject "Kipir" */ = {
			isa = XCConfigurationList;
			buildConfigurations = (
				D60B4F8C3065C5A000001A62 /* Debug configuration for PBXProject "Kipir" */,
				D60B4F8D3065C5A000001A62 /* Release configuration for PBXProject "Kipir" */,
			);
			defaultConfigurationName = Release;
		};
		D60B4F8E3065C5A000001A62 /* Build configuration list for PBXNativeTarget "Kipir" */ = {
			isa = XCConfigurationList;
			buildConfigurations = (
				D60B4F8F3065C5A000001A62 /* Debug configuration for PBXNativeTarget "Kipir" */,
				D60B4F903065C5A000001A62 /* Release configuration for PBXNativeTarget "Kipir" */,
			);
			defaultConfigurationName = Release;
		};
		D60B4F913065C5A000001A62 /* Build configuration list for PBXNativeTarget "KipirTests" */ = {
			isa = XCConfigurationList;
			buildConfigurations = (
				D60B4F923065C5A000001A62 /* Debug configuration for PBXNativeTarget "KipirTests" */,
				D60B4F933065C5A000001A62 /* Release configuration for PBXNativeTarget "KipirTests" */,
			);
			defaultConfigurationName = Release;
		};
		D60B4F943065C5A000001A62 /* Build configuration list for PBXNativeTarget "KipirUITests" */ = {
			isa = XCConfigurationList;
			buildConfigurations = (
				D60B4F953065C5A000001A62 /* Debug configuration for PBXNativeTarget "KipirUITests" */,
				D60B4F963065C5A000001A62 /* Release configuration for PBXNativeTarget "KipirUITests" */,
			);
			defaultConfigurationName = Release;
		};
		D620816E3065CA1C00B7C71A /* Build configuration list for PBXNativeTarget "KipirMac" */ = {
			isa = XCConfigurationList;
			buildConfigurations = (
				D620816C3065CA1C00B7C71A /* Debug configuration for PBXNativeTarget "KipirMac" */,
				D620816D3065CA1C00B7C71A /* Release configuration for PBXNativeTarget "KipirMac" */,
			);
			defaultConfigurationName = Release;
		};
/* End XCConfigurationList section */
	};
	rootObject = D60B4F673065C5A000001A62 /* Project object */;
	validationLevel = 1;
}
